
Microsoft Visual Studio Solution File, Format Version 12.00
# Visual Studio Version 17
VisualStudioVersion = 17.2.32616.157
MinimumVisualStudioVersion = 10.0.40219.1
Project("{9A19103F-16F7-4668-BE54-9A1E7A4F7556}") = "ProfileProject", "ProfileProject\ProfileProject.csproj", "{4454D8C7-49DC-43B0-AB51-F1EF1F108BB1}"
EndProject
Global
	GlobalSection(SolutionConfigurationPlatforms) = preSolution
		Debug|Any CPU = Debug|Any CPU
		Release|Any CPU = Release|Any CPU
	EndGlobalSection
	GlobalSection(ProjectConfigurationPlatforms) = postSolution
		{4454D8C7-49DC-43B0-AB51-F1EF1F108BB1}.Debug|Any CPU.ActiveCfg = Debug|Any CPU
		{4454D8C7-49DC-43B0-AB51-F1EF1F108BB1}.Debug|Any CPU.Build.0 = Debug|Any CPU
		{4454D8C7-49DC-43B0-AB51-F1EF1F108BB1}.Release|Any CPU.ActiveCfg = Release|Any CPU
		{4454D8C7-49DC-43B0-AB51-F1EF1F108BB1}.Release|Any CPU.Build.0 = Release|Any CPU
	EndGlobalSection
	GlobalSection(SolutionProperties) = preSolution
		HideSolutionNode = FALSE
	EndGlobalSection
	GlobalSection(ExtensibilityGlobals) = postSolution
		SolutionGuid = {63BD7176-F0BD-42AD-A199-DBC12F41C3A2}
	EndGlobalSection
EndGlobal
