
Microsoft Visual Studio Solution File, Format Version 12.00
# Visual Studio Version 17
VisualStudioVersion = 17.2.32616.157
MinimumVisualStudioVersion = 10.0.40219.1
Project("{9A19103F-16F7-4668-BE54-9A1E7A4F7556}") = "MarsQAProject", "MarsQAProject.csproj", "{C4EFCF99-4038-4848-BEDF-48CE0E7141DD}"
EndProject
Project("{2150E333-8FDC-42A3-9474-1A3956D46DE8}") = "Solution Items", "Solution Items", "{A5320FEB-DD7E-4584-ACE3-A5AF98A0AEEB}"
EndProject
Global
	GlobalSection(SolutionConfigurationPlatforms) = preSolution
		Debug|Any CPU = Debug|Any CPU
		Release|Any CPU = Release|Any CPU
	EndGlobalSection
	GlobalSection(ProjectConfigurationPlatforms) = postSolution
		{C4EFCF99-4038-4848-BEDF-48CE0E7141DD}.Debug|Any CPU.ActiveCfg = Debug|Any CPU
		{C4EFCF99-4038-4848-BEDF-48CE0E7141DD}.Debug|Any CPU.Build.0 = Debug|Any CPU
		{C4EFCF99-4038-4848-BEDF-48CE0E7141DD}.Release|Any CPU.ActiveCfg = Release|Any CPU
		{C4EFCF99-4038-4848-BEDF-48CE0E7141DD}.Release|Any CPU.Build.0 = Release|Any CPU
	EndGlobalSection
	GlobalSection(SolutionProperties) = preSolution
		HideSolutionNode = FALSE
	EndGlobalSection
	GlobalSection(ExtensibilityGlobals) = postSolution
		SolutionGuid = {C114C17A-E978-4F38-87D5-E5B0CA77FF4F}
	EndGlobalSection
EndGlobal
