
Microsoft Visual Studio Solution File, Format Version 12.00
# Visual Studio Version 17
VisualStudioVersion = 17.2.32616.157
MinimumVisualStudioVersion = 10.0.40219.1
Project("{FAE04EC0-301F-11D3-BF4B-00C04F79EFBC}") = "poojatest1", "poojatest1\poojatest1.csproj", "{67314008-34F1-4DB7-AE50-7EFDE4E69F1A}"
EndProject
Global
	GlobalSection(SolutionConfigurationPlatforms) = preSolution
		Debug|Any CPU = Debug|Any CPU
		Release|Any CPU = Release|Any CPU
	EndGlobalSection
	GlobalSection(ProjectConfigurationPlatforms) = postSolution
		{67314008-34F1-4DB7-AE50-7EFDE4E69F1A}.Debug|Any CPU.ActiveCfg = Debug|Any CPU
		{67314008-34F1-4DB7-AE50-7EFDE4E69F1A}.Debug|Any CPU.Build.0 = Debug|Any CPU
		{67314008-34F1-4DB7-AE50-7EFDE4E69F1A}.Release|Any CPU.ActiveCfg = Release|Any CPU
		{67314008-34F1-4DB7-AE50-7EFDE4E69F1A}.Release|Any CPU.Build.0 = Release|Any CPU
	EndGlobalSection
	GlobalSection(SolutionProperties) = preSolution
		HideSolutionNode = FALSE
	EndGlobalSection
	GlobalSection(ExtensibilityGlobals) = postSolution
		SolutionGuid = {4ABC849A-AE4A-405D-9433-84EE9C580D8C}
	EndGlobalSection
EndGlobal
